// !$*UTF8*$!
{
	archiveVersion = 1;
	classes = {
	};
	objectVersion = 46;
	objects = {

/* Begin PBXBuildFile section */
		187D71FB1BFF176700020C52 /* MQNavigationController.m in Sources */ = {isa = PBXBuildFile; fileRef = 187D719F1BFF176700020C52 /* MQNavigationController.m */; };
		187D71FC1BFF176700020C52 /* MQTabBarViewController.m in Sources */ = {isa = PBXBuildFile; fileRef = 187D71A11BFF176700020C52 /* MQTabBarViewController.m */; };
		187D71FD1BFF176700020C52 /* MQTabBar.m in Sources */ = {isa = PBXBuildFile; fileRef = 187D71A41BFF176700020C52 /* MQTabBar.m */; };
		187D71FE1BFF176700020C52 /* MQMeViewController.m in Sources */ = {isa = PBXBuildFile; fileRef = 187D71A81BFF176700020C52 /* MQMeViewController.m */; };
		187D71FF1BFF176700020C52 /* MQSettingViewController.m in Sources */ = {isa = PBXBuildFile; fileRef = 187D71AA1BFF176700020C52 /* MQSettingViewController.m */; };
		187D72001BFF176700020C52 /* MQWebViewController.m in Sources */ = {isa = PBXBuildFile; fileRef = 187D71AC1BFF176700020C52 /* MQWebViewController.m */; };
		187D72011BFF176700020C52 /* MQWebViewController.xib in Resources */ = {isa = PBXBuildFile; fileRef = 187D71AD1BFF176700020C52 /* MQWebViewController.xib */; };
		187D72021BFF176700020C52 /* MQSquare.m in Sources */ = {isa = PBXBuildFile; fileRef = 187D71B01BFF176700020C52 /* MQSquare.m */; };
		187D72031BFF176700020C52 /* MQFooterView.m in Sources */ = {isa = PBXBuildFile; fileRef = 187D71B31BFF176700020C52 /* MQFooterView.m */; };
		187D72041BFF176700020C52 /* MQMeButton.m in Sources */ = {isa = PBXBuildFile; fileRef = 187D71B51BFF176700020C52 /* MQMeButton.m */; };
		187D72051BFF176700020C52 /* MQMeTableViewCell.m in Sources */ = {isa = PBXBuildFile; fileRef = 187D71B71BFF176700020C52 /* MQMeTableViewCell.m */; };
		187D72061BFF176700020C52 /* AppDelegate.m in Sources */ = {isa = PBXBuildFile; fileRef = 187D71BA1BFF176700020C52 /* AppDelegate.m */; };
		187D72071BFF176700020C52 /* NSDate+MQExtension.m in Sources */ = {isa = PBXBuildFile; fileRef = 187D71BD1BFF176700020C52 /* NSDate+MQExtension.m */; };
		187D72081BFF176700020C52 /* NSString+MQExtension.m in Sources */ = {isa = PBXBuildFile; fileRef = 187D71BF1BFF176700020C52 /* NSString+MQExtension.m */; };
		187D72091BFF176700020C52 /* UIBarButtonItem+MQExtension.m in Sources */ = {isa = PBXBuildFile; fileRef = 187D71C11BFF176700020C52 /* UIBarButtonItem+MQExtension.m */; };
		187D720A1BFF176700020C52 /* UIImage+MQExtension.m in Sources */ = {isa = PBXBuildFile; fileRef = 187D71C31BFF176700020C52 /* UIImage+MQExtension.m */; };
		187D720B1BFF176700020C52 /* UIImageView+MQExtension.m in Sources */ = {isa = PBXBuildFile; fileRef = 187D71C51BFF176700020C52 /* UIImageView+MQExtension.m */; };
		187D720C1BFF176700020C52 /* UITableViewCell+MQExtension.m in Sources */ = {isa = PBXBuildFile; fileRef = 187D71C71BFF176700020C52 /* UITableViewCell+MQExtension.m */; };
		187D720D1BFF176700020C52 /* UITextField+MQExtension.m in Sources */ = {isa = PBXBuildFile; fileRef = 187D71C91BFF176700020C52 /* UITextField+MQExtension.m */; };
		187D720E1BFF176700020C52 /* UIView+MQFrame.m in Sources */ = {isa = PBXBuildFile; fileRef = 187D71CB1BFF176700020C52 /* UIView+MQFrame.m */; };
		187D720F1BFF176700020C52 /* MQConst.m in Sources */ = {isa = PBXBuildFile; fileRef = 187D71CD1BFF176700020C52 /* MQConst.m */; };
		187D72101BFF176700020C52 /* MQHTTPTool.m in Sources */ = {isa = PBXBuildFile; fileRef = 187D71CF1BFF176700020C52 /* MQHTTPTool.m */; };
		187D72111BFF176700020C52 /* NSObject+MQExtensionTool.m in Sources */ = {isa = PBXBuildFile; fileRef = 187D71D11BFF176700020C52 /* NSObject+MQExtensionTool.m */; };
		187D72121BFF176700020C52 /* UIView+MQExtension.m in Sources */ = {isa = PBXBuildFile; fileRef = 187D71D51BFF176700020C52 /* UIView+MQExtension.m */; };
		187D72131BFF176700020C52 /* ViewController.m in Sources */ = {isa = PBXBuildFile; fileRef = 187D71D71BFF176700020C52 /* ViewController.m */; };
		187D72141BFF176700020C52 /* MQPublishViewController.m in Sources */ = {isa = PBXBuildFile; fileRef = 187D71DB1BFF176700020C52 /* MQPublishViewController.m */; };
		187D72151BFF176700020C52 /* MQPublishViewController.xib in Resources */ = {isa = PBXBuildFile; fileRef = 187D71DC1BFF176700020C52 /* MQPublishViewController.xib */; };
		187D72161BFF176700020C52 /* 111.jpg in Resources */ = {isa = PBXBuildFile; fileRef = 187D71DF1BFF176700020C52 /* 111.jpg */; };
		187D72171BFF176700020C52 /* h1.jpg in Resources */ = {isa = PBXBuildFile; fileRef = 187D71E01BFF176700020C52 /* h1.jpg */; };
		187D72181BFF176700020C52 /* h2.jpg in Resources */ = {isa = PBXBuildFile; fileRef = 187D71E11BFF176700020C52 /* h2.jpg */; };
		187D72191BFF176700020C52 /* h3.jpg in Resources */ = {isa = PBXBuildFile; fileRef = 187D71E21BFF176700020C52 /* h3.jpg */; };
		187D721A1BFF176700020C52 /* h4.jpg in Resources */ = {isa = PBXBuildFile; fileRef = 187D71E31BFF176700020C52 /* h4.jpg */; };
		187D721B1BFF176700020C52 /* MQEssenceViewController.m in Sources */ = {isa = PBXBuildFile; fileRef = 187D71E51BFF176700020C52 /* MQEssenceViewController.m */; };
		187D721C1BFF176700020C52 /* MQTag2ViewController.m in Sources */ = {isa = PBXBuildFile; fileRef = 187D71E71BFF176700020C52 /* MQTag2ViewController.m */; };
		187D721D1BFF176700020C52 /* MQTagViewController.m in Sources */ = {isa = PBXBuildFile; fileRef = 187D71E91BFF176700020C52 /* MQTagViewController.m */; };
		187D721E1BFF176700020C52 /* TAAbstractDotView.m in Sources */ = {isa = PBXBuildFile; fileRef = 187D71EE1BFF176700020C52 /* TAAbstractDotView.m */; };
		187D721F1BFF176700020C52 /* TAAnimatedDotView.m in Sources */ = {isa = PBXBuildFile; fileRef = 187D71F01BFF176700020C52 /* TAAnimatedDotView.m */; };
		187D72201BFF176700020C52 /* TADotView.m in Sources */ = {isa = PBXBuildFile; fileRef = 187D71F21BFF176700020C52 /* TADotView.m */; };
		187D72211BFF176700020C52 /* TAPageControl.m in Sources */ = {isa = PBXBuildFile; fileRef = 187D71F41BFF176700020C52 /* TAPageControl.m */; };
		187D72221BFF176700020C52 /* SDCollectionViewCell.m in Sources */ = {isa = PBXBuildFile; fileRef = 187D71F61BFF176700020C52 /* SDCollectionViewCell.m */; };
		187D72231BFF176700020C52 /* SDCycleScrollView.m in Sources */ = {isa = PBXBuildFile; fileRef = 187D71F81BFF176700020C52 /* SDCycleScrollView.m */; };
		187D72241BFF176700020C52 /* UIView+SDExtension.m in Sources */ = {isa = PBXBuildFile; fileRef = 187D71FA1BFF176700020C52 /* UIView+SDExtension.m */; };
		187D722C1BFF233B00020C52 /* MQview.m in Sources */ = {isa = PBXBuildFile; fileRef = 187D722B1BFF233B00020C52 /* MQview.m */; };
		18B3C8AF1C02B93F002CD926 /* MQTitleButton.m in Sources */ = {isa = PBXBuildFile; fileRef = 18B3C8AE1C02B93F002CD926 /* MQTitleButton.m */; };
		18BCD4871BFD7030005D1AB4 /* main.m in Sources */ = {isa = PBXBuildFile; fileRef = 18BCD4861BFD7030005D1AB4 /* main.m */; };
		18BCD4901BFD7030005D1AB4 /* Main.storyboard in Resources */ = {isa = PBXBuildFile; fileRef = 18BCD48E1BFD7030005D1AB4 /* Main.storyboard */; };
		18BCD4931BFD7030005D1AB4 /* BaiSi.xcdatamodeld in Sources */ = {isa = PBXBuildFile; fileRef = 18BCD4911BFD7030005D1AB4 /* BaiSi.xcdatamodeld */; };
		18BCD4951BFD7030005D1AB4 /* Assets.xcassets in Resources */ = {isa = PBXBuildFile; fileRef = 18BCD4941BFD7030005D1AB4 /* Assets.xcassets */; };
		18BCD4981BFD7030005D1AB4 /* LaunchScreen.storyboard in Resources */ = {isa = PBXBuildFile; fileRef = 18BCD4961BFD7030005D1AB4 /* LaunchScreen.storyboard */; };
		18BCD4A31BFD7030005D1AB4 /* BaiSiTests.m in Sources */ = {isa = PBXBuildFile; fileRef = 18BCD4A21BFD7030005D1AB4 /* BaiSiTests.m */; };
		18BCD4AE1BFD7031005D1AB4 /* BaiSiUITests.m in Sources */ = {isa = PBXBuildFile; fileRef = 18BCD4AD1BFD7031005D1AB4 /* BaiSiUITests.m */; };
		18FF5D2A1C05B89D004F2E42 /* MQTag2TableViewCell.m in Sources */ = {isa = PBXBuildFile; fileRef = 18FF5D281C05B89D004F2E42 /* MQTag2TableViewCell.m */; };
		18FF5D2B1C05B89D004F2E42 /* MQTag2TableViewCell.xib in Resources */ = {isa = PBXBuildFile; fileRef = 18FF5D291C05B89D004F2E42 /* MQTag2TableViewCell.xib */; };
		47CAD7328DF58FE2F9AEF026 /* libPods.a in Frameworks */ = {isa = PBXBuildFile; fileRef = 6528FD53A6C3806C17BD08E4 /* libPods.a */; };
		7F0C60571C12FFDC00F81098 /* MQDatePicker.m in Sources */ = {isa = PBXBuildFile; fileRef = 7F0C60561C12FFDC00F81098 /* MQDatePicker.m */; settings = {ASSET_TAGS = (); }; };
		7F0C605C1C13018500F81098 /* MQStudyViewCell.m in Sources */ = {isa = PBXBuildFile; fileRef = 7F0C605A1C13018500F81098 /* MQStudyViewCell.m */; settings = {ASSET_TAGS = (); }; };
		7F0C605D1C13018500F81098 /* MQStudyViewCell.xib in Resources */ = {isa = PBXBuildFile; fileRef = 7F0C605B1C13018500F81098 /* MQStudyViewCell.xib */; settings = {ASSET_TAGS = (); }; };
		7FA2FE6B1C12E384004317C7 /* MQStudyTableViewController.m in Sources */ = {isa = PBXBuildFile; fileRef = 7FA2FE6A1C12E384004317C7 /* MQStudyTableViewController.m */; settings = {ASSET_TAGS = (); }; };
		7FA2FE6E1C12E4BD004317C7 /* MQDatePickerViewController.m in Sources */ = {isa = PBXBuildFile; fileRef = 7FA2FE6D1C12E4BD004317C7 /* MQDatePickerViewController.m */; settings = {ASSET_TAGS = (); }; };
		7FF6C80E1C12E83800856454 /* MQDatePickerView.m in Sources */ = {isa = PBXBuildFile; fileRef = 7FF6C80D1C12E83800856454 /* MQDatePickerView.m */; settings = {ASSET_TAGS = (); }; };
/* End PBXBuildFile section */

/* Begin PBXContainerItemProxy section */
		18BCD49F1BFD7030005D1AB4 /* PBXContainerItemProxy */ = {
			isa = PBXContainerItemProxy;
			containerPortal = 18BCD47A1BFD7030005D1AB4 /* Project object */;
			proxyType = 1;
			remoteGlobalIDString = 18BCD4811BFD7030005D1AB4;
			remoteInfo = BaiSi;
		};
		18BCD4AA1BFD7031005D1AB4 /* PBXContainerItemProxy */ = {
			isa = PBXContainerItemProxy;
			containerPortal = 18BCD47A1BFD7030005D1AB4 /* Project object */;
			proxyType = 1;
			remoteGlobalIDString = 18BCD4811BFD7030005D1AB4;
			remoteInfo = BaiSi;
		};
/* End PBXContainerItemProxy section */

/* Begin PBXFileReference section */
		187D719E1BFF176700020C52 /* MQNavigationController.h */ = {isa = PBXFileReference; fileEncoding = 4; lastKnownFileType = sourcecode.c.h; path = MQNavigationController.h; sourceTree = "<group>"; };
		187D719F1BFF176700020C52 /* MQNavigationController.m */ = {isa = PBXFileReference; fileEncoding = 4; lastKnownFileType = sourcecode.c.objc; path = MQNavigationController.m; sourceTree = "<group>"; };
		187D71A01BFF176700020C52 /* MQTabBarViewController.h */ = {isa = PBXFileReference; fileEncoding = 4; lastKnownFileType = sourcecode.c.h; path = MQTabBarViewController.h; sourceTree = "<group>"; };
		187D71A11BFF176700020C52 /* MQTabBarViewController.m */ = {isa = PBXFileReference; fileEncoding = 4; lastKnownFileType = sourcecode.c.objc; path = MQTabBarViewController.m; sourceTree = "<group>"; };
		187D71A31BFF176700020C52 /* MQTabBar.h */ = {isa = PBXFileReference; fileEncoding = 4; lastKnownFileType = sourcecode.c.h; path = MQTabBar.h; sourceTree = "<group>"; };
		187D71A41BFF176700020C52 /* MQTabBar.m */ = {isa = PBXFileReference; fileEncoding = 4; lastKnownFileType = sourcecode.c.objc; path = MQTabBar.m; sourceTree = "<group>"; };
		187D71A71BFF176700020C52 /* MQMeViewController.h */ = {isa = PBXFileReference; fileEncoding = 4; lastKnownFileType = sourcecode.c.h; path = MQMeViewController.h; sourceTree = "<group>"; };
		187D71A81BFF176700020C52 /* MQMeViewController.m */ = {isa = PBXFileReference; fileEncoding = 4; lastKnownFileType = sourcecode.c.objc; path = MQMeViewController.m; sourceTree = "<group>"; };
		187D71A91BFF176700020C52 /* MQSettingViewController.h */ = {isa = PBXFileReference; fileEncoding = 4; lastKnownFileType = sourcecode.c.h; path = MQSettingViewController.h; sourceTree = "<group>"; };
		187D71AA1BFF176700020C52 /* MQSettingViewController.m */ = {isa = PBXFileReference; fileEncoding = 4; lastKnownFileType = sourcecode.c.objc; path = MQSettingViewController.m; sourceTree = "<group>"; };
		187D71AB1BFF176700020C52 /* MQWebViewController.h */ = {isa = PBXFileReference; fileEncoding = 4; lastKnownFileType = sourcecode.c.h; path = MQWebViewController.h; sourceTree = "<group>"; };
		187D71AC1BFF176700020C52 /* MQWebViewController.m */ = {isa = PBXFileReference; fileEncoding = 4; lastKnownFileType = sourcecode.c.objc; path = MQWebViewController.m; sourceTree = "<group>"; };
		187D71AD1BFF176700020C52 /* MQWebViewController.xib */ = {isa = PBXFileReference; fileEncoding = 4; lastKnownFileType = file.xib; path = MQWebViewController.xib; sourceTree = "<group>"; };
		187D71AF1BFF176700020C52 /* MQSquare.h */ = {isa = PBXFileReference; fileEncoding = 4; lastKnownFileType = sourcecode.c.h; path = MQSquare.h; sourceTree = "<group>"; };
		187D71B01BFF176700020C52 /* MQSquare.m */ = {isa = PBXFileReference; fileEncoding = 4; lastKnownFileType = sourcecode.c.objc; path = MQSquare.m; sourceTree = "<group>"; };
		187D71B21BFF176700020C52 /* MQFooterView.h */ = {isa = PBXFileReference; fileEncoding = 4; lastKnownFileType = sourcecode.c.h; path = MQFooterView.h; sourceTree = "<group>"; };
		187D71B31BFF176700020C52 /* MQFooterView.m */ = {isa = PBXFileReference; fileEncoding = 4; lastKnownFileType = sourcecode.c.objc; path = MQFooterView.m; sourceTree = "<group>"; };
		187D71B41BFF176700020C52 /* MQMeButton.h */ = {isa = PBXFileReference; fileEncoding = 4; lastKnownFileType = sourcecode.c.h; path = MQMeButton.h; sourceTree = "<group>"; };
		187D71B51BFF176700020C52 /* MQMeButton.m */ = {isa = PBXFileReference; fileEncoding = 4; lastKnownFileType = sourcecode.c.objc; path = MQMeButton.m; sourceTree = "<group>"; };
		187D71B61BFF176700020C52 /* MQMeTableViewCell.h */ = {isa = PBXFileReference; fileEncoding = 4; lastKnownFileType = sourcecode.c.h; path = MQMeTableViewCell.h; sourceTree = "<group>"; };
		187D71B71BFF176700020C52 /* MQMeTableViewCell.m */ = {isa = PBXFileReference; fileEncoding = 4; lastKnownFileType = sourcecode.c.objc; path = MQMeTableViewCell.m; sourceTree = "<group>"; };
		187D71B91BFF176700020C52 /* AppDelegate.h */ = {isa = PBXFileReference; fileEncoding = 4; lastKnownFileType = sourcecode.c.h; path = AppDelegate.h; sourceTree = "<group>"; };
		187D71BA1BFF176700020C52 /* AppDelegate.m */ = {isa = PBXFileReference; fileEncoding = 4; lastKnownFileType = sourcecode.c.objc; path = AppDelegate.m; sourceTree = "<group>"; };
		187D71BC1BFF176700020C52 /* NSDate+MQExtension.h */ = {isa = PBXFileReference; fileEncoding = 4; lastKnownFileType = sourcecode.c.h; path = "NSDate+MQExtension.h"; sourceTree = "<group>"; };
		187D71BD1BFF176700020C52 /* NSDate+MQExtension.m */ = {isa = PBXFileReference; fileEncoding = 4; lastKnownFileType = sourcecode.c.objc; path = "NSDate+MQExtension.m"; sourceTree = "<group>"; };
		187D71BE1BFF176700020C52 /* NSString+MQExtension.h */ = {isa = PBXFileReference; fileEncoding = 4; lastKnownFileType = sourcecode.c.h; path = "NSString+MQExtension.h"; sourceTree = "<group>"; };
		187D71BF1BFF176700020C52 /* NSString+MQExtension.m */ = {isa = PBXFileReference; fileEncoding = 4; lastKnownFileType = sourcecode.c.objc; path = "NSString+MQExtension.m"; sourceTree = "<group>"; };
		187D71C01BFF176700020C52 /* UIBarButtonItem+MQExtension.h */ = {isa = PBXFileReference; fileEncoding = 4; lastKnownFileType = sourcecode.c.h; path = "UIBarButtonItem+MQExtension.h"; sourceTree = "<group>"; };
		187D71C11BFF176700020C52 /* UIBarButtonItem+MQExtension.m */ = {isa = PBXFileReference; fileEncoding = 4; lastKnownFileType = sourcecode.c.objc; path = "UIBarButtonItem+MQExtension.m"; sourceTree = "<group>"; };
		187D71C21BFF176700020C52 /* UIImage+MQExtension.h */ = {isa = PBXFileReference; fileEncoding = 4; lastKnownFileType = sourcecode.c.h; path = "UIImage+MQExtension.h"; sourceTree = "<group>"; };
		187D71C31BFF176700020C52 /* UIImage+MQExtension.m */ = {isa = PBXFileReference; fileEncoding = 4; lastKnownFileType = sourcecode.c.objc; path = "UIImage+MQExtension.m"; sourceTree = "<group>"; };
		187D71C41BFF176700020C52 /* UIImageView+MQExtension.h */ = {isa = PBXFileReference; fileEncoding = 4; lastKnownFileType = sourcecode.c.h; path = "UIImageView+MQExtension.h"; sourceTree = "<group>"; };
		187D71C51BFF176700020C52 /* UIImageView+MQExtension.m */ = {isa = PBXFileReference; fileEncoding = 4; lastKnownFileType = sourcecode.c.objc; path = "UIImageView+MQExtension.m"; sourceTree = "<group>"; };
		187D71C61BFF176700020C52 /* UITableViewCell+MQExtension.h */ = {isa = PBXFileReference; fileEncoding = 4; lastKnownFileType = sourcecode.c.h; path = "UITableViewCell+MQExtension.h"; sourceTree = "<group>"; };
		187D71C71BFF176700020C52 /* UITableViewCell+MQExtension.m */ = {isa = PBXFileReference; fileEncoding = 4; lastKnownFileType = sourcecode.c.objc; path = "UITableViewCell+MQExtension.m"; sourceTree = "<group>"; };
		187D71C81BFF176700020C52 /* UITextField+MQExtension.h */ = {isa = PBXFileReference; fileEncoding = 4; lastKnownFileType = sourcecode.c.h; path = "UITextField+MQExtension.h"; sourceTree = "<group>"; };
		187D71C91BFF176700020C52 /* UITextField+MQExtension.m */ = {isa = PBXFileReference; fileEncoding = 4; lastKnownFileType = sourcecode.c.objc; path = "UITextField+MQExtension.m"; sourceTree = "<group>"; };
		187D71CA1BFF176700020C52 /* UIView+MQFrame.h */ = {isa = PBXFileReference; fileEncoding = 4; lastKnownFileType = sourcecode.c.h; path = "UIView+MQFrame.h"; sourceTree = "<group>"; };
		187D71CB1BFF176700020C52 /* UIView+MQFrame.m */ = {isa = PBXFileReference; fileEncoding = 4; lastKnownFileType = sourcecode.c.objc; path = "UIView+MQFrame.m"; sourceTree = "<group>"; };
		187D71CC1BFF176700020C52 /* MQConst.h */ = {isa = PBXFileReference; fileEncoding = 4; lastKnownFileType = sourcecode.c.h; path = MQConst.h; sourceTree = "<group>"; };
		187D71CD1BFF176700020C52 /* MQConst.m */ = {isa = PBXFileReference; fileEncoding = 4; lastKnownFileType = sourcecode.c.objc; path = MQConst.m; sourceTree = "<group>"; };
		187D71CE1BFF176700020C52 /* MQHTTPTool.h */ = {isa = PBXFileReference; fileEncoding = 4; lastKnownFileType = sourcecode.c.h; path = MQHTTPTool.h; sourceTree = "<group>"; };
		187D71CF1BFF176700020C52 /* MQHTTPTool.m */ = {isa = PBXFileReference; fileEncoding = 4; lastKnownFileType = sourcecode.c.objc; path = MQHTTPTool.m; sourceTree = "<group>"; };
		187D71D01BFF176700020C52 /* NSObject+MQExtensionTool.h */ = {isa = PBXFileReference; fileEncoding = 4; lastKnownFileType = sourcecode.c.h; path = "NSObject+MQExtensionTool.h"; sourceTree = "<group>"; };
		187D71D11BFF176700020C52 /* NSObject+MQExtensionTool.m */ = {isa = PBXFileReference; fileEncoding = 4; lastKnownFileType = sourcecode.c.objc; path = "NSObject+MQExtensionTool.m"; sourceTree = "<group>"; };
		187D71D21BFF176700020C52 /* PrefixHeader.pch */ = {isa = PBXFileReference; fileEncoding = 4; lastKnownFileType = sourcecode.c.h; path = PrefixHeader.pch; sourceTree = "<group>"; };
		187D71D41BFF176700020C52 /* UIView+MQExtension.h */ = {isa = PBXFileReference; fileEncoding = 4; lastKnownFileType = sourcecode.c.h; path = "UIView+MQExtension.h"; sourceTree = "<group>"; };
		187D71D51BFF176700020C52 /* UIView+MQExtension.m */ = {isa = PBXFileReference; fileEncoding = 4; lastKnownFileType = sourcecode.c.objc; path = "UIView+MQExtension.m"; sourceTree = "<group>"; };
		187D71D61BFF176700020C52 /* ViewController.h */ = {isa = PBXFileReference; fileEncoding = 4; lastKnownFileType = sourcecode.c.h; path = ViewController.h; sourceTree = "<group>"; };
		187D71D71BFF176700020C52 /* ViewController.m */ = {isa = PBXFileReference; fileEncoding = 4; lastKnownFileType = sourcecode.c.objc; path = ViewController.m; sourceTree = "<group>"; };
		187D71DA1BFF176700020C52 /* MQPublishViewController.h */ = {isa = PBXFileReference; fileEncoding = 4; lastKnownFileType = sourcecode.c.h; path = MQPublishViewController.h; sourceTree = "<group>"; };
		187D71DB1BFF176700020C52 /* MQPublishViewController.m */ = {isa = PBXFileReference; fileEncoding = 4; lastKnownFileType = sourcecode.c.objc; path = MQPublishViewController.m; sourceTree = "<group>"; };
		187D71DC1BFF176700020C52 /* MQPublishViewController.xib */ = {isa = PBXFileReference; fileEncoding = 4; lastKnownFileType = file.xib; path = MQPublishViewController.xib; sourceTree = "<group>"; };
		187D71DF1BFF176700020C52 /* 111.jpg */ = {isa = PBXFileReference; lastKnownFileType = image.jpeg; name = 111.jpg; path = Controller/111.jpg; sourceTree = "<group>"; };
		187D71E01BFF176700020C52 /* h1.jpg */ = {isa = PBXFileReference; lastKnownFileType = image.jpeg; name = h1.jpg; path = Controller/h1.jpg; sourceTree = "<group>"; };
		187D71E11BFF176700020C52 /* h2.jpg */ = {isa = PBXFileReference; lastKnownFileType = image.jpeg; name = h2.jpg; path = Controller/h2.jpg; sourceTree = "<group>"; };
		187D71E21BFF176700020C52 /* h3.jpg */ = {isa = PBXFileReference; lastKnownFileType = image.jpeg; name = h3.jpg; path = Controller/h3.jpg; sourceTree = "<group>"; };
		187D71E31BFF176700020C52 /* h4.jpg */ = {isa = PBXFileReference; lastKnownFileType = image.jpeg; name = h4.jpg; path = Controller/h4.jpg; sourceTree = "<group>"; };
		187D71E41BFF176700020C52 /* MQEssenceViewController.h */ = {isa = PBXFileReference; fileEncoding = 4; lastKnownFileType = sourcecode.c.h; path = MQEssenceViewController.h; sourceTree = "<group>"; };
		187D71E51BFF176700020C52 /* MQEssenceViewController.m */ = {isa = PBXFileReference; fileEncoding = 4; lastKnownFileType = sourcecode.c.objc; path = MQEssenceViewController.m; sourceTree = "<group>"; };
		187D71E61BFF176700020C52 /* MQTag2ViewController.h */ = {isa = PBXFileReference; fileEncoding = 4; lastKnownFileType = sourcecode.c.h; path = MQTag2ViewController.h; sourceTree = "<group>"; };
		187D71E71BFF176700020C52 /* MQTag2ViewController.m */ = {isa = PBXFileReference; fileEncoding = 4; lastKnownFileType = sourcecode.c.objc; path = MQTag2ViewController.m; sourceTree = "<group>"; };
		187D71E81BFF176700020C52 /* MQTagViewController.h */ = {isa = PBXFileReference; fileEncoding = 4; lastKnownFileType = sourcecode.c.h; path = MQTagViewController.h; sourceTree = "<group>"; };
		187D71E91BFF176700020C52 /* MQTagViewController.m */ = {isa = PBXFileReference; fileEncoding = 4; lastKnownFileType = sourcecode.c.objc; path = MQTagViewController.m; sourceTree = "<group>"; };
		187D71ED1BFF176700020C52 /* TAAbstractDotView.h */ = {isa = PBXFileReference; fileEncoding = 4; lastKnownFileType = sourcecode.c.h; path = TAAbstractDotView.h; sourceTree = "<group>"; };
		187D71EE1BFF176700020C52 /* TAAbstractDotView.m */ = {isa = PBXFileReference; fileEncoding = 4; lastKnownFileType = sourcecode.c.objc; path = TAAbstractDotView.m; sourceTree = "<group>"; };
		187D71EF1BFF176700020C52 /* TAAnimatedDotView.h */ = {isa = PBXFileReference; fileEncoding = 4; lastKnownFileType = sourcecode.c.h; path = TAAnimatedDotView.h; sourceTree = "<group>"; };
		187D71F01BFF176700020C52 /* TAAnimatedDotView.m */ = {isa = PBXFileReference; fileEncoding = 4; lastKnownFileType = sourcecode.c.objc; path = TAAnimatedDotView.m; sourceTree = "<group>"; };
		187D71F11BFF176700020C52 /* TADotView.h */ = {isa = PBXFileReference; fileEncoding = 4; lastKnownFileType = sourcecode.c.h; path = TADotView.h; sourceTree = "<group>"; };
		187D71F21BFF176700020C52 /* TADotView.m */ = {isa = PBXFileReference; fileEncoding = 4; lastKnownFileType = sourcecode.c.objc; path = TADotView.m; sourceTree = "<group>"; };
		187D71F31BFF176700020C52 /* TAPageControl.h */ = {isa = PBXFileReference; fileEncoding = 4; lastKnownFileType = sourcecode.c.h; path = TAPageControl.h; sourceTree = "<group>"; };
		187D71F41BFF176700020C52 /* TAPageControl.m */ = {isa = PBXFileReference; fileEncoding = 4; lastKnownFileType = sourcecode.c.objc; path = TAPageControl.m; sourceTree = "<group>"; };
		187D71F51BFF176700020C52 /* SDCollectionViewCell.h */ = {isa = PBXFileReference; fileEncoding = 4; lastKnownFileType = sourcecode.c.h; path = SDCollectionViewCell.h; sourceTree = "<group>"; };
		187D71F61BFF176700020C52 /* SDCollectionViewCell.m */ = {isa = PBXFileReference; fileEncoding = 4; lastKnownFileType = sourcecode.c.objc; path = SDCollectionViewCell.m; sourceTree = "<group>"; };
		187D71F71BFF176700020C52 /* SDCycleScrollView.h */ = {isa = PBXFileReference; fileEncoding = 4; lastKnownFileType = sourcecode.c.h; path = SDCycleScrollView.h; sourceTree = "<group>"; };
		187D71F81BFF176700020C52 /* SDCycleScrollView.m */ = {isa = PBXFileReference; fileEncoding = 4; lastKnownFileType = sourcecode.c.objc; path = SDCycleScrollView.m; sourceTree = "<group>"; };
		187D71F91BFF176700020C52 /* UIView+SDExtension.h */ = {isa = PBXFileReference; fileEncoding = 4; lastKnownFileType = sourcecode.c.h; path = "UIView+SDExtension.h"; sourceTree = "<group>"; };
		187D71FA1BFF176700020C52 /* UIView+SDExtension.m */ = {isa = PBXFileReference; fileEncoding = 4; lastKnownFileType = sourcecode.c.objc; path = "UIView+SDExtension.m"; sourceTree = "<group>"; };
		187D722A1BFF233B00020C52 /* MQview.h */ = {isa = PBXFileReference; fileEncoding = 4; lastKnownFileType = sourcecode.c.h; path = MQview.h; sourceTree = "<group>"; };
		187D722B1BFF233B00020C52 /* MQview.m */ = {isa = PBXFileReference; fileEncoding = 4; lastKnownFileType = sourcecode.c.objc; path = MQview.m; sourceTree = "<group>"; };
		18B3C8AD1C02B93F002CD926 /* MQTitleButton.h */ = {isa = PBXFileReference; fileEncoding = 4; lastKnownFileType = sourcecode.c.h; path = MQTitleButton.h; sourceTree = "<group>"; };
		18B3C8AE1C02B93F002CD926 /* MQTitleButton.m */ = {isa = PBXFileReference; fileEncoding = 4; lastKnownFileType = sourcecode.c.objc; path = MQTitleButton.m; sourceTree = "<group>"; };
		18BCD4821BFD7030005D1AB4 /* BaiSi.app */ = {isa = PBXFileReference; explicitFileType = wrapper.application; includeInIndex = 0; path = BaiSi.app; sourceTree = BUILT_PRODUCTS_DIR; };
		18BCD4861BFD7030005D1AB4 /* main.m */ = {isa = PBXFileReference; lastKnownFileType = sourcecode.c.objc; path = main.m; sourceTree = "<group>"; };
		18BCD48F1BFD7030005D1AB4 /* Base */ = {isa = PBXFileReference; lastKnownFileType = file.storyboard; name = Base; path = Base.lproj/Main.storyboard; sourceTree = "<group>"; };
		18BCD4921BFD7030005D1AB4 /* BaiSi.xcdatamodel */ = {isa = PBXFileReference; lastKnownFileType = wrapper.xcdatamodel; path = BaiSi.xcdatamodel; sourceTree = "<group>"; };
		18BCD4941BFD7030005D1AB4 /* Assets.xcassets */ = {isa = PBXFileReference; lastKnownFileType = folder.assetcatalog; path = Assets.xcassets; sourceTree = "<group>"; };
		18BCD4971BFD7030005D1AB4 /* Base */ = {isa = PBXFileReference; lastKnownFileType = file.storyboard; name = Base; path = Base.lproj/LaunchScreen.storyboard; sourceTree = "<group>"; };
		18BCD4991BFD7030005D1AB4 /* Info.plist */ = {isa = PBXFileReference; lastKnownFileType = text.plist.xml; path = Info.plist; sourceTree = "<group>"; };
		18BCD49E1BFD7030005D1AB4 /* BaiSiTests.xctest */ = {isa = PBXFileReference; explicitFileType = wrapper.cfbundle; includeInIndex = 0; path = BaiSiTests.xctest; sourceTree = BUILT_PRODUCTS_DIR; };
		18BCD4A21BFD7030005D1AB4 /* BaiSiTests.m */ = {isa = PBXFileReference; lastKnownFileType = sourcecode.c.objc; path = BaiSiTests.m; sourceTree = "<group>"; };
		18BCD4A41BFD7031005D1AB4 /* Info.plist */ = {isa = PBXFileReference; lastKnownFileType = text.plist.xml; path = Info.plist; sourceTree = "<group>"; };
		18BCD4A91BFD7031005D1AB4 /* BaiSiUITests.xctest */ = {isa = PBXFileReference; explicitFileType = wrapper.cfbundle; includeInIndex = 0; path = BaiSiUITests.xctest; sourceTree = BUILT_PRODUCTS_DIR; };
		18BCD4AD1BFD7031005D1AB4 /* BaiSiUITests.m */ = {isa = PBXFileReference; lastKnownFileType = sourcecode.c.objc; path = BaiSiUITests.m; sourceTree = "<group>"; };
		18BCD4AF1BFD7031005D1AB4 /* Info.plist */ = {isa = PBXFileReference; lastKnownFileType = text.plist.xml; path = Info.plist; sourceTree = "<group>"; };
		18FF5D271C05B89D004F2E42 /* MQTag2TableViewCell.h */ = {isa = PBXFileReference; fileEncoding = 4; lastKnownFileType = sourcecode.c.h; path = MQTag2TableViewCell.h; sourceTree = "<group>"; };
		18FF5D281C05B89D004F2E42 /* MQTag2TableViewCell.m */ = {isa = PBXFileReference; fileEncoding = 4; lastKnownFileType = sourcecode.c.objc; path = MQTag2TableViewCell.m; sourceTree = "<group>"; };
		18FF5D291C05B89D004F2E42 /* MQTag2TableViewCell.xib */ = {isa = PBXFileReference; fileEncoding = 4; lastKnownFileType = file.xib; path = MQTag2TableViewCell.xib; sourceTree = "<group>"; };
		4523C73A19CE4ABF4CFAF2F9 /* Pods.debug.xcconfig */ = {isa = PBXFileReference; includeInIndex = 1; lastKnownFileType = text.xcconfig; name = Pods.debug.xcconfig; path = "Pods/Target Support Files/Pods/Pods.debug.xcconfig"; sourceTree = "<group>"; };
		5E64456CEDFFF009C33D860D /* Pods.release.xcconfig */ = {isa = PBXFileReference; includeInIndex = 1; lastKnownFileType = text.xcconfig; name = Pods.release.xcconfig; path = "Pods/Target Support Files/Pods/Pods.release.xcconfig"; sourceTree = "<group>"; };
		6528FD53A6C3806C17BD08E4 /* libPods.a */ = {isa = PBXFileReference; explicitFileType = archive.ar; includeInIndex = 0; path = libPods.a; sourceTree = BUILT_PRODUCTS_DIR; };
		7F0C60551C12FFDC00F81098 /* MQDatePicker.h */ = {isa = PBXFileReference; fileEncoding = 4; lastKnownFileType = sourcecode.c.h; path = MQDatePicker.h; sourceTree = "<group>"; };
		7F0C60561C12FFDC00F81098 /* MQDatePicker.m */ = {isa = PBXFileReference; fileEncoding = 4; lastKnownFileType = sourcecode.c.objc; path = MQDatePicker.m; sourceTree = "<group>"; };
		7F0C60591C13018500F81098 /* MQStudyViewCell.h */ = {isa = PBXFileReference; fileEncoding = 4; lastKnownFileType = sourcecode.c.h; path = MQStudyViewCell.h; sourceTree = "<group>"; };
		7F0C605A1C13018500F81098 /* MQStudyViewCell.m */ = {isa = PBXFileReference; fileEncoding = 4; lastKnownFileType = sourcecode.c.objc; path = MQStudyViewCell.m; sourceTree = "<group>"; };
		7F0C605B1C13018500F81098 /* MQStudyViewCell.xib */ = {isa = PBXFileReference; fileEncoding = 4; lastKnownFileType = file.xib; path = MQStudyViewCell.xib; sourceTree = "<group>"; };
		7FA2FE691C12E384004317C7 /* MQStudyTableViewController.h */ = {isa = PBXFileReference; fileEncoding = 4; lastKnownFileType = sourcecode.c.h; path = MQStudyTableViewController.h; sourceTree = "<group>"; };
		7FA2FE6A1C12E384004317C7 /* MQStudyTableViewController.m */ = {isa = PBXFileReference; fileEncoding = 4; lastKnownFileType = sourcecode.c.objc; path = MQStudyTableViewController.m; sourceTree = "<group>"; };
		7FA2FE6C1C12E4BD004317C7 /* MQDatePickerViewController.h */ = {isa = PBXFileReference; fileEncoding = 4; lastKnownFileType = sourcecode.c.h; path = MQDatePickerViewController.h; sourceTree = "<group>"; };
		7FA2FE6D1C12E4BD004317C7 /* MQDatePickerViewController.m */ = {isa = PBXFileReference; fileEncoding = 4; lastKnownFileType = sourcecode.c.objc; path = MQDatePickerViewController.m; sourceTree = "<group>"; };
		7FF6C80C1C12E83800856454 /* MQDatePickerView.h */ = {isa = PBXFileReference; fileEncoding = 4; lastKnownFileType = sourcecode.c.h; path = MQDatePickerView.h; sourceTree = "<group>"; };
		7FF6C80D1C12E83800856454 /* MQDatePickerView.m */ = {isa = PBXFileReference; fileEncoding = 4; lastKnownFileType = sourcecode.c.objc; path = MQDatePickerView.m; sourceTree = "<group>"; };
/* End PBXFileReference section */

/* Begin PBXFrameworksBuildPhase section */
		18BCD47F1BFD7030005D1AB4 /* Frameworks */ = {
			isa = PBXFrameworksBuildPhase;
			buildActionMask = 2147483647;
			files = (
				47CAD7328DF58FE2F9AEF026 /* libPods.a in Frameworks */,
			);
			runOnlyForDeploymentPostprocessing = 0;
		};
		18BCD49B1BFD7030005D1AB4 /* Frameworks */ = {
			isa = PBXFrameworksBuildPhase;
			buildActionMask = 2147483647;
			files = (
			);
			runOnlyForDeploymentPostprocessing = 0;
		};
		18BCD4A61BFD7031005D1AB4 /* Frameworks */ = {
			isa = PBXFrameworksBuildPhase;
			buildActionMask = 2147483647;
			files = (
			);
			runOnlyForDeploymentPostprocessing = 0;
		};
/* End PBXFrameworksBuildPhase section */

/* Begin PBXGroup section */
		187D719B1BFF176700020C52 /* Classes */ = {
			isa = PBXGroup;
			children = (
				7FA2FE621C12E2EB004317C7 /* 分散式学习 */,
				187D719C1BFF176700020C52 /* Main */,
				187D71A51BFF176700020C52 /* Me_我 */,
				187D71B81BFF176700020C52 /* Other */,
				187D71D81BFF176700020C52 /* 发布 */,
				187D71DD1BFF176700020C52 /* 精华 */,
			);
			path = Classes;
			sourceTree = "<group>";
		};
		187D719C1BFF176700020C52 /* Main */ = {
			isa = PBXGroup;
			children = (
				187D72251BFF17B800020C52 /* Model */,
				187D719D1BFF176700020C52 /* Controller */,
				187D71A21BFF176700020C52 /* View */,
			);
			path = Main;
			sourceTree = "<group>";
		};
		187D719D1BFF176700020C52 /* Controller */ = {
			isa = PBXGroup;
			children = (
				187D719E1BFF176700020C52 /* MQNavigationController.h */,
				187D719F1BFF176700020C52 /* MQNavigationController.m */,
				187D71A01BFF176700020C52 /* MQTabBarViewController.h */,
				187D71A11BFF176700020C52 /* MQTabBarViewController.m */,
			);
			path = Controller;
			sourceTree = "<group>";
		};
		187D71A21BFF176700020C52 /* View */ = {
			isa = PBXGroup;
			children = (
				187D71A31BFF176700020C52 /* MQTabBar.h */,
				187D71A41BFF176700020C52 /* MQTabBar.m */,
			);
			path = View;
			sourceTree = "<group>";
		};
		187D71A51BFF176700020C52 /* Me_我 */ = {
			isa = PBXGroup;
			children = (
				187D71A61BFF176700020C52 /* Controller */,
				187D71AE1BFF176700020C52 /* Model */,
				187D71B11BFF176700020C52 /* View */,
			);
			path = "Me_我";
			sourceTree = "<group>";
		};
		187D71A61BFF176700020C52 /* Controller */ = {
			isa = PBXGroup;
			children = (
				187D71A71BFF176700020C52 /* MQMeViewController.h */,
				187D71A81BFF176700020C52 /* MQMeViewController.m */,
				187D71A91BFF176700020C52 /* MQSettingViewController.h */,
				187D71AA1BFF176700020C52 /* MQSettingViewController.m */,
				187D71AB1BFF176700020C52 /* MQWebViewController.h */,
				187D71AC1BFF176700020C52 /* MQWebViewController.m */,
				187D71AD1BFF176700020C52 /* MQWebViewController.xib */,
			);
			path = Controller;
			sourceTree = "<group>";
		};
		187D71AE1BFF176700020C52 /* Model */ = {
			isa = PBXGroup;
			children = (
				187D71AF1BFF176700020C52 /* MQSquare.h */,
				187D71B01BFF176700020C52 /* MQSquare.m */,
			);
			path = Model;
			sourceTree = "<group>";
		};
		187D71B11BFF176700020C52 /* View */ = {
			isa = PBXGroup;
			children = (
				187D71B21BFF176700020C52 /* MQFooterView.h */,
				187D71B31BFF176700020C52 /* MQFooterView.m */,
				187D71B41BFF176700020C52 /* MQMeButton.h */,
				187D71B51BFF176700020C52 /* MQMeButton.m */,
				187D71B61BFF176700020C52 /* MQMeTableViewCell.h */,
				187D71B71BFF176700020C52 /* MQMeTableViewCell.m */,
			);
			path = View;
			sourceTree = "<group>";
		};
		187D71B81BFF176700020C52 /* Other */ = {
			isa = PBXGroup;
			children = (
				187D72261BFF189300020C52 /* Controller */,
				187D71B91BFF176700020C52 /* AppDelegate.h */,
				187D71BA1BFF176700020C52 /* AppDelegate.m */,
				187D71BB1BFF176700020C52 /* Category */,
				187D71CC1BFF176700020C52 /* MQConst.h */,
				187D71CD1BFF176700020C52 /* MQConst.m */,
				187D71CE1BFF176700020C52 /* MQHTTPTool.h */,
				187D71CF1BFF176700020C52 /* MQHTTPTool.m */,
				187D71D01BFF176700020C52 /* NSObject+MQExtensionTool.h */,
				187D71D11BFF176700020C52 /* NSObject+MQExtensionTool.m */,
				187D71D21BFF176700020C52 /* PrefixHeader.pch */,
				187D71D31BFF176700020C52 /* View */,
				187D71D61BFF176700020C52 /* ViewController.h */,
				187D71D71BFF176700020C52 /* ViewController.m */,
			);
			path = Other;
			sourceTree = "<group>";
		};
		187D71BB1BFF176700020C52 /* Category */ = {
			isa = PBXGroup;
			children = (
				187D71BC1BFF176700020C52 /* NSDate+MQExtension.h */,
				187D71BD1BFF176700020C52 /* NSDate+MQExtension.m */,
				187D71BE1BFF176700020C52 /* NSString+MQExtension.h */,
				187D71BF1BFF176700020C52 /* NSString+MQExtension.m */,
				187D71C01BFF176700020C52 /* UIBarButtonItem+MQExtension.h */,
				187D71C11BFF176700020C52 /* UIBarButtonItem+MQExtension.m */,
				187D71C21BFF176700020C52 /* UIImage+MQExtension.h */,
				187D71C31BFF176700020C52 /* UIImage+MQExtension.m */,
				187D71C41BFF176700020C52 /* UIImageView+MQExtension.h */,
				187D71C51BFF176700020C52 /* UIImageView+MQExtension.m */,
				187D71C61BFF176700020C52 /* UITableViewCell+MQExtension.h */,
				187D71C71BFF176700020C52 /* UITableViewCell+MQExtension.m */,
				187D71C81BFF176700020C52 /* UITextField+MQExtension.h */,
				187D71C91BFF176700020C52 /* UITextField+MQExtension.m */,
				187D71CA1BFF176700020C52 /* UIView+MQFrame.h */,
				187D71CB1BFF176700020C52 /* UIView+MQFrame.m */,
			);
			path = Category;
			sourceTree = "<group>";
		};
		187D71D31BFF176700020C52 /* View */ = {
			isa = PBXGroup;
			children = (
				187D71D41BFF176700020C52 /* UIView+MQExtension.h */,
				187D71D51BFF176700020C52 /* UIView+MQExtension.m */,
			);
			path = View;
			sourceTree = "<group>";
		};
		187D71D81BFF176700020C52 /* 发布 */ = {
			isa = PBXGroup;
			children = (
				187D71D91BFF176700020C52 /* Controller */,
			);
			path = "发布";
			sourceTree = "<group>";
		};
		187D71D91BFF176700020C52 /* Controller */ = {
			isa = PBXGroup;
			children = (
				187D71DA1BFF176700020C52 /* MQPublishViewController.h */,
				187D71DB1BFF176700020C52 /* MQPublishViewController.m */,
				187D71DC1BFF176700020C52 /* MQPublishViewController.xib */,
			);
			path = Controller;
			sourceTree = "<group>";
		};
		187D71DD1BFF176700020C52 /* 精华 */ = {
			isa = PBXGroup;
			children = (
				18B3C8B01C02C6D2002CD926 /* Picture */,
				18B3C8A91C02B916002CD926 /* View */,
				187D71DE1BFF176700020C52 /* Controller */,
				187D71EA1BFF176700020C52 /* Lib */,
			);
			path = "精华";
			sourceTree = "<group>";
		};
		187D71DE1BFF176700020C52 /* Controller */ = {
			isa = PBXGroup;
			children = (
				187D71E41BFF176700020C52 /* MQEssenceViewController.h */,
				187D71E51BFF176700020C52 /* MQEssenceViewController.m */,
				187D71E61BFF176700020C52 /* MQTag2ViewController.h */,
				187D71E71BFF176700020C52 /* MQTag2ViewController.m */,
				187D71E81BFF176700020C52 /* MQTagViewController.h */,
				187D71E91BFF176700020C52 /* MQTagViewController.m */,
			);
			path = Controller;
			sourceTree = "<group>";
		};
		187D71EA1BFF176700020C52 /* Lib */ = {
			isa = PBXGroup;
			children = (
				187D71EB1BFF176700020C52 /* SDCycleScrollView */,
			);
			path = Lib;
			sourceTree = "<group>";
		};
		187D71EB1BFF176700020C52 /* SDCycleScrollView */ = {
			isa = PBXGroup;
			children = (
				187D71EC1BFF176700020C52 /* PageControl */,
				187D71F51BFF176700020C52 /* SDCollectionViewCell.h */,
				187D71F61BFF176700020C52 /* SDCollectionViewCell.m */,
				187D71F71BFF176700020C52 /* SDCycleScrollView.h */,
				187D71F81BFF176700020C52 /* SDCycleScrollView.m */,
				187D71F91BFF176700020C52 /* UIView+SDExtension.h */,
				187D71FA1BFF176700020C52 /* UIView+SDExtension.m */,
			);
			path = SDCycleScrollView;
			sourceTree = "<group>";
		};
		187D71EC1BFF176700020C52 /* PageControl */ = {
			isa = PBXGroup;
			children = (
				187D71ED1BFF176700020C52 /* TAAbstractDotView.h */,
				187D71EE1BFF176700020C52 /* TAAbstractDotView.m */,
				187D71EF1BFF176700020C52 /* TAAnimatedDotView.h */,
				187D71F01BFF176700020C52 /* TAAnimatedDotView.m */,
				187D71F11BFF176700020C52 /* TADotView.h */,
				187D71F21BFF176700020C52 /* TADotView.m */,
				187D71F31BFF176700020C52 /* TAPageControl.h */,
				187D71F41BFF176700020C52 /* TAPageControl.m */,
			);
			path = PageControl;
			sourceTree = "<group>";
		};
		187D72251BFF17B800020C52 /* Model */ = {
			isa = PBXGroup;
			children = (
				187D722A1BFF233B00020C52 /* MQview.h */,
				187D722B1BFF233B00020C52 /* MQview.m */,
			);
			name = Model;
			sourceTree = "<group>";
		};
		187D72261BFF189300020C52 /* Controller */ = {
			isa = PBXGroup;
			children = (
			);
			name = Controller;
			sourceTree = "<group>";
		};
		18B3C8A91C02B916002CD926 /* View */ = {
			isa = PBXGroup;
			children = (
				18B3C8AD1C02B93F002CD926 /* MQTitleButton.h */,
				18B3C8AE1C02B93F002CD926 /* MQTitleButton.m */,
				18FF5D271C05B89D004F2E42 /* MQTag2TableViewCell.h */,
				18FF5D281C05B89D004F2E42 /* MQTag2TableViewCell.m */,
				18FF5D291C05B89D004F2E42 /* MQTag2TableViewCell.xib */,
			);
			name = View;
			sourceTree = "<group>";
		};
		18B3C8B01C02C6D2002CD926 /* Picture */ = {
			isa = PBXGroup;
			children = (
				187D71DF1BFF176700020C52 /* 111.jpg */,
				187D71E01BFF176700020C52 /* h1.jpg */,
				187D71E11BFF176700020C52 /* h2.jpg */,
				187D71E21BFF176700020C52 /* h3.jpg */,
				187D71E31BFF176700020C52 /* h4.jpg */,
			);
			name = Picture;
			sourceTree = "<group>";
		};
		18BCD4791BFD7030005D1AB4 = {
			isa = PBXGroup;
			children = (
				18BCD4841BFD7030005D1AB4 /* BaiSi */,
				18BCD4A11BFD7030005D1AB4 /* BaiSiTests */,
				18BCD4AC1BFD7031005D1AB4 /* BaiSiUITests */,
				18BCD4831BFD7030005D1AB4 /* Products */,
				5D7FF035B870782597C45DF3 /* Pods */,
				62DD3B8EE814DC70B23A9952 /* Frameworks */,
			);
			sourceTree = "<group>";
		};
		18BCD4831BFD7030005D1AB4 /* Products */ = {
			isa = PBXGroup;
			children = (
				18BCD4821BFD7030005D1AB4 /* BaiSi.app */,
				18BCD49E1BFD7030005D1AB4 /* BaiSiTests.xctest */,
				18BCD4A91BFD7031005D1AB4 /* BaiSiUITests.xctest */,
			);
			name = Products;
			sourceTree = "<group>";
		};
		18BCD4841BFD7030005D1AB4 /* BaiSi */ = {
			isa = PBXGroup;
			children = (
				187D719B1BFF176700020C52 /* Classes */,
				18BCD48E1BFD7030005D1AB4 /* Main.storyboard */,
				18BCD4941BFD7030005D1AB4 /* Assets.xcassets */,
				18BCD4961BFD7030005D1AB4 /* LaunchScreen.storyboard */,
				18BCD4991BFD7030005D1AB4 /* Info.plist */,
				18BCD4911BFD7030005D1AB4 /* BaiSi.xcdatamodeld */,
				18BCD4851BFD7030005D1AB4 /* Supporting Files */,
			);
			path = BaiSi;
			sourceTree = "<group>";
		};
		18BCD4851BFD7030005D1AB4 /* Supporting Files */ = {
			isa = PBXGroup;
			children = (
				18BCD4861BFD7030005D1AB4 /* main.m */,
			);
			name = "Supporting Files";
			sourceTree = "<group>";
		};
		18BCD4A11BFD7030005D1AB4 /* BaiSiTests */ = {
			isa = PBXGroup;
			children = (
				18BCD4A21BFD7030005D1AB4 /* BaiSiTests.m */,
				18BCD4A41BFD7031005D1AB4 /* Info.plist */,
			);
			path = BaiSiTests;
			sourceTree = "<group>";
		};
		18BCD4AC1BFD7031005D1AB4 /* BaiSiUITests */ = {
			isa = PBXGroup;
			children = (
				18BCD4AD1BFD7031005D1AB4 /* BaiSiUITests.m */,
				18BCD4AF1BFD7031005D1AB4 /* Info.plist */,
			);
			path = BaiSiUITests;
			sourceTree = "<group>";
		};
		5D7FF035B870782597C45DF3 /* Pods */ = {
			isa = PBXGroup;
			children = (
				4523C73A19CE4ABF4CFAF2F9 /* Pods.debug.xcconfig */,
				5E64456CEDFFF009C33D860D /* Pods.release.xcconfig */,
			);
			name = Pods;
			sourceTree = "<group>";
		};
		62DD3B8EE814DC70B23A9952 /* Frameworks */ = {
			isa = PBXGroup;
			children = (
				6528FD53A6C3806C17BD08E4 /* libPods.a */,
			);
			name = Frameworks;
			sourceTree = "<group>";
		};
		7F0C60581C13015C00F81098 /* View */ = {
			isa = PBXGroup;
			children = (
				7F0C60591C13018500F81098 /* MQStudyViewCell.h */,
				7F0C605A1C13018500F81098 /* MQStudyViewCell.m */,
				7F0C605B1C13018500F81098 /* MQStudyViewCell.xib */,
			);
			name = View;
			sourceTree = "<group>";
		};
		7F0C605E1C13018C00F81098 /* Controller */ = {
			isa = PBXGroup;
			children = (
				7FA2FE691C12E384004317C7 /* MQStudyTableViewController.h */,
				7FA2FE6A1C12E384004317C7 /* MQStudyTableViewController.m */,
			);
			name = Controller;
			sourceTree = "<group>";
		};
		7FA2FE621C12E2EB004317C7 /* 分散式学习 */ = {
			isa = PBXGroup;
			children = (
				7FA2FE681C12E368004317C7 /* BaseVC */,
				7FA2FE641C12E310004317C7 /* PickerView学习 */,
			);
			name = "分散式学习";
			sourceTree = "<group>";
		};
		7FA2FE641C12E310004317C7 /* PickerView学习 */ = {
			isa = PBXGroup;
			children = (
				7FA2FE671C12E325004317C7 /* Controller */,
				7FA2FE651C12E31A004317C7 /* View */,
			);
			name = "PickerView学习";
			sourceTree = "<group>";
		};
		7FA2FE651C12E31A004317C7 /* View */ = {
			isa = PBXGroup;
			children = (
				7FF6C80C1C12E83800856454 /* MQDatePickerView.h */,
				7FF6C80D1C12E83800856454 /* MQDatePickerView.m */,
				7F0C60551C12FFDC00F81098 /* MQDatePicker.h */,
				7F0C60561C12FFDC00F81098 /* MQDatePicker.m */,
			);
			name = View;
			sourceTree = "<group>";
		};
		7FA2FE671C12E325004317C7 /* Controller */ = {
			isa = PBXGroup;
			children = (
				7FA2FE6C1C12E4BD004317C7 /* MQDatePickerViewController.h */,
				7FA2FE6D1C12E4BD004317C7 /* MQDatePickerViewController.m */,
			);
			name = Controller;
			sourceTree = "<group>";
		};
		7FA2FE681C12E368004317C7 /* BaseVC */ = {
			isa = PBXGroup;
			children = (
				7F0C605E1C13018C00F81098 /* Controller */,
				7F0C60581C13015C00F81098 /* View */,
			);
			name = BaseVC;
			sourceTree = "<group>";
		};
/* End PBXGroup section */

/* Begin PBXNativeTarget section */
		18BCD4811BFD7030005D1AB4 /* BaiSi */ = {
			isa = PBXNativeTarget;
			buildConfigurationList = 18BCD4B21BFD7031005D1AB4 /* Build configuration list for PBXNativeTarget "BaiSi" */;
			buildPhases = (
				FBA94D7C47F2EC94EA70EE7B /* Check Pods Manifest.lock */,
				18BCD47E1BFD7030005D1AB4 /* Sources */,
				18BCD47F1BFD7030005D1AB4 /* Frameworks */,
				18BCD4801BFD7030005D1AB4 /* Resources */,
				01E1118912E2A2646B497914 /* Embed Pods Frameworks */,
				C3C146020155DF4F5F3BF3D1 /* Copy Pods Resources */,
			);
			buildRules = (
			);
			dependencies = (
			);
			name = BaiSi;
			productName = BaiSi;
			productReference = 18BCD4821BFD7030005D1AB4 /* BaiSi.app */;
			productType = "com.apple.product-type.application";
		};
		18BCD49D1BFD7030005D1AB4 /* BaiSiTests */ = {
			isa = PBXNativeTarget;
			buildConfigurationList = 18BCD4B51BFD7031005D1AB4 /* Build configuration list for PBXNativeTarget "BaiSiTests" */;
			buildPhases = (
				18BCD49A1BFD7030005D1AB4 /* Sources */,
				18BCD49B1BFD7030005D1AB4 /* Frameworks */,
				18BCD49C1BFD7030005D1AB4 /* Resources */,
			);
			buildRules = (
			);
			dependencies = (
				18BCD4A01BFD7030005D1AB4 /* PBXTargetDependency */,
			);
			name = BaiSiTests;
			productName = BaiSiTests;
			productReference = 18BCD49E1BFD7030005D1AB4 /* BaiSiTests.xctest */;
			productType = "com.apple.product-type.bundle.unit-test";
		};
		18BCD4A81BFD7031005D1AB4 /* BaiSiUITests */ = {
			isa = PBXNativeTarget;
			buildConfigurationList = 18BCD4B81BFD7031005D1AB4 /* Build configuration list for PBXNativeTarget "BaiSiUITests" */;
			buildPhases = (
				18BCD4A51BFD7031005D1AB4 /* Sources */,
				18BCD4A61BFD7031005D1AB4 /* Frameworks */,
				18BCD4A71BFD7031005D1AB4 /* Resources */,
			);
			buildRules = (
			);
			dependencies = (
				18BCD4AB1BFD7031005D1AB4 /* PBXTargetDependency */,
			);
			name = BaiSiUITests;
			productName = BaiSiUITests;
			productReference = 18BCD4A91BFD7031005D1AB4 /* BaiSiUITests.xctest */;
			productType = "com.apple.product-type.bundle.ui-testing";
		};
/* End PBXNativeTarget section */

/* Begin PBXProject section */
		18BCD47A1BFD7030005D1AB4 /* Project object */ = {
			isa = PBXProject;
			attributes = {
				CLASSPREFIX = MQ;
				LastUpgradeCheck = 0710;
				ORGANIZATIONNAME = DuoDi;
				TargetAttributes = {
					18BCD4811BFD7030005D1AB4 = {
						CreatedOnToolsVersion = 7.1.1;
						DevelopmentTeam = S8FSYTD8G3;
					};
					18BCD49D1BFD7030005D1AB4 = {
						CreatedOnToolsVersion = 7.1.1;
						DevelopmentTeam = PR55F6S79H;
						TestTargetID = 18BCD4811BFD7030005D1AB4;
					};
					18BCD4A81BFD7031005D1AB4 = {
						CreatedOnToolsVersion = 7.1.1;
						DevelopmentTeam = PR55F6S79H;
						TestTargetID = 18BCD4811BFD7030005D1AB4;
					};
				};
			};
			buildConfigurationList = 18BCD47D1BFD7030005D1AB4 /* Build configuration list for PBXProject "BaiSi" */;
			compatibilityVersion = "Xcode 3.2";
			developmentRegion = English;
			hasScannedForEncodings = 0;
			knownRegions = (
				en,
				Base,
			);
			mainGroup = 18BCD4791BFD7030005D1AB4;
			productRefGroup = 18BCD4831BFD7030005D1AB4 /* Products */;
			projectDirPath = "";
			projectRoot = "";
			targets = (
				18BCD4811BFD7030005D1AB4 /* BaiSi */,
				18BCD49D1BFD7030005D1AB4 /* BaiSiTests */,
				18BCD4A81BFD7031005D1AB4 /* BaiSiUITests */,
			);
		};
/* End PBXProject section */

/* Begin PBXResourcesBuildPhase section */
		18BCD4801BFD7030005D1AB4 /* Resources */ = {
			isa = PBXResourcesBuildPhase;
			buildActionMask = 2147483647;
			files = (
				187D72191BFF176700020C52 /* h3.jpg in Resources */,
				187D72181BFF176700020C52 /* h2.jpg in Resources */,
				7F0C605D1C13018500F81098 /* MQStudyViewCell.xib in Resources */,
				187D72151BFF176700020C52 /* MQPublishViewController.xib in Resources */,
				18BCD4981BFD7030005D1AB4 /* LaunchScreen.storyboard in Resources */,
				187D72171BFF176700020C52 /* h1.jpg in Resources */,
				18BCD4951BFD7030005D1AB4 /* Assets.xcassets in Resources */,
				187D72161BFF176700020C52 /* 111.jpg in Resources */,
				18FF5D2B1C05B89D004F2E42 /* MQTag2TableViewCell.xib in Resources */,
				18BCD4901BFD7030005D1AB4 /* Main.storyboard in Resources */,
				187D721A1BFF176700020C52 /* h4.jpg in Resources */,
				187D72011BFF176700020C52 /* MQWebViewController.xib in Resources */,
			);
			runOnlyForDeploymentPostprocessing = 0;
		};
		18BCD49C1BFD7030005D1AB4 /* Resources */ = {
			isa = PBXResourcesBuildPhase;
			buildActionMask = 2147483647;
			files = (
			);
			runOnlyForDeploymentPostprocessing = 0;
		};
		18BCD4A71BFD7031005D1AB4 /* Resources */ = {
			isa = PBXResourcesBuildPhase;
			buildActionMask = 2147483647;
			files = (
			);
			runOnlyForDeploymentPostprocessing = 0;
		};
/* End PBXResourcesBuildPhase section */

/* Begin PBXShellScriptBuildPhase section */
		01E1118912E2A2646B497914 /* Embed Pods Frameworks */ = {
			isa = PBXShellScriptBuildPhase;
			buildActionMask = 2147483647;
			files = (
			);
			inputPaths = (
			);
			name = "Embed Pods Frameworks";
			outputPaths = (
			);
			runOnlyForDeploymentPostprocessing = 0;
			shellPath = /bin/sh;
			shellScript = "\"${SRCROOT}/Pods/Target Support Files/Pods/Pods-frameworks.sh\"\n";
			showEnvVarsInLog = 0;
		};
		C3C146020155DF4F5F3BF3D1 /* Copy Pods Resources */ = {
			isa = PBXShellScriptBuildPhase;
			buildActionMask = 2147483647;
			files = (
			);
			inputPaths = (
			);
			name = "Copy Pods Resources";
			outputPaths = (
			);
			runOnlyForDeploymentPostprocessing = 0;
			shellPath = /bin/sh;
			shellScript = "\"${SRCROOT}/Pods/Target Support Files/Pods/Pods-resources.sh\"\n";
			showEnvVarsInLog = 0;
		};
		FBA94D7C47F2EC94EA70EE7B /* Check Pods Manifest.lock */ = {
			isa = PBXShellScriptBuildPhase;
			buildActionMask = 2147483647;
			files = (
			);
			inputPaths = (
			);
			name = "Check Pods Manifest.lock";
			outputPaths = (
			);
			runOnlyForDeploymentPostprocessing = 0;
			shellPath = /bin/sh;
			shellScript = "diff \"${PODS_ROOT}/../Podfile.lock\" \"${PODS_ROOT}/Manifest.lock\" > /dev/null\nif [[ $? != 0 ]] ; then\n    cat << EOM\nerror: The sandbox is not in sync with the Podfile.lock. Run 'pod install' or update your CocoaPods installation.\nEOM\n    exit 1\nfi\n";
			showEnvVarsInLog = 0;
		};
/* End PBXShellScriptBuildPhase section */

/* Begin PBXSourcesBuildPhase section */
		18BCD47E1BFD7030005D1AB4 /* Sources */ = {
			isa = PBXSourcesBuildPhase;
			buildActionMask = 2147483647;
			files = (
				187D72021BFF176700020C52 /* MQSquare.m in Sources */,
				7F0C605C1C13018500F81098 /* MQStudyViewCell.m in Sources */,
				187D72041BFF176700020C52 /* MQMeButton.m in Sources */,
				187D72231BFF176700020C52 /* SDCycleScrollView.m in Sources */,
				7FF6C80E1C12E83800856454 /* MQDatePickerView.m in Sources */,
				187D72031BFF176700020C52 /* MQFooterView.m in Sources */,
				187D72211BFF176700020C52 /* TAPageControl.m in Sources */,
				187D72111BFF176700020C52 /* NSObject+MQExtensionTool.m in Sources */,
				7FA2FE6E1C12E4BD004317C7 /* MQDatePickerViewController.m in Sources */,
				187D720B1BFF176700020C52 /* UIImageView+MQExtension.m in Sources */,
				187D72221BFF176700020C52 /* SDCollectionViewCell.m in Sources */,
				187D72131BFF176700020C52 /* ViewController.m in Sources */,
				187D72061BFF176700020C52 /* AppDelegate.m in Sources */,
				187D721E1BFF176700020C52 /* TAAbstractDotView.m in Sources */,
				187D72051BFF176700020C52 /* MQMeTableViewCell.m in Sources */,
				187D722C1BFF233B00020C52 /* MQview.m in Sources */,
				7FA2FE6B1C12E384004317C7 /* MQStudyTableViewController.m in Sources */,
				187D72241BFF176700020C52 /* UIView+SDExtension.m in Sources */,
				187D720C1BFF176700020C52 /* UITableViewCell+MQExtension.m in Sources */,
				187D721C1BFF176700020C52 /* MQTag2ViewController.m in Sources */,
				7F0C60571C12FFDC00F81098 /* MQDatePicker.m in Sources */,
				187D721F1BFF176700020C52 /* TAAnimatedDotView.m in Sources */,
				187D72081BFF176700020C52 /* NSString+MQExtension.m in Sources */,
				187D720F1BFF176700020C52 /* MQConst.m in Sources */,
				187D72101BFF176700020C52 /* MQHTTPTool.m in Sources */,
				187D721D1BFF176700020C52 /* MQTagViewController.m in Sources */,
				18BCD4931BFD7030005D1AB4 /* BaiSi.xcdatamodeld in Sources */,
				187D71FD1BFF176700020C52 /* MQTabBar.m in Sources */,
				18FF5D2A1C05B89D004F2E42 /* MQTag2TableViewCell.m in Sources */,
				187D720E1BFF176700020C52 /* UIView+MQFrame.m in Sources */,
				187D72091BFF176700020C52 /* UIBarButtonItem+MQExtension.m in Sources */,
				187D71FB1BFF176700020C52 /* MQNavigationController.m in Sources */,
				187D72071BFF176700020C52 /* NSDate+MQExtension.m in Sources */,
				187D721B1BFF176700020C52 /* MQEssenceViewController.m in Sources */,
				187D72201BFF176700020C52 /* TADotView.m in Sources */,
				187D72001BFF176700020C52 /* MQWebViewController.m in Sources */,
				18BCD4871BFD7030005D1AB4 /* main.m in Sources */,
				187D71FF1BFF176700020C52 /* MQSettingViewController.m in Sources */,
				187D71FC1BFF176700020C52 /* MQTabBarViewController.m in Sources */,
				187D71FE1BFF176700020C52 /* MQMeViewController.m in Sources */,
				187D72141BFF176700020C52 /* MQPublishViewController.m in Sources */,
				187D720A1BFF176700020C52 /* UIImage+MQExtension.m in Sources */,
				187D72121BFF176700020C52 /* UIView+MQExtension.m in Sources */,
				187D720D1BFF176700020C52 /* UITextField+MQExtension.m in Sources */,
				18B3C8AF1C02B93F002CD926 /* MQTitleButton.m in Sources */,
			);
			runOnlyForDeploymentPostprocessing = 0;
		};
		18BCD49A1BFD7030005D1AB4 /* Sources */ = {
			isa = PBXSourcesBuildPhase;
			buildActionMask = 2147483647;
			files = (
				18BCD4A31BFD7030005D1AB4 /* BaiSiTests.m in Sources */,
			);
			runOnlyForDeploymentPostprocessing = 0;
		};
		18BCD4A51BFD7031005D1AB4 /* Sources */ = {
			isa = PBXSourcesBuildPhase;
			buildActionMask = 2147483647;
			files = (
				18BCD4AE1BFD7031005D1AB4 /* BaiSiUITests.m in Sources */,
			);
			runOnlyForDeploymentPostprocessing = 0;
		};
/* End PBXSourcesBuildPhase section */

/* Begin PBXTargetDependency section */
		18BCD4A01BFD7030005D1AB4 /* PBXTargetDependency */ = {
			isa = PBXTargetDependency;
			target = 18BCD4811BFD7030005D1AB4 /* BaiSi */;
			targetProxy = 18BCD49F1BFD7030005D1AB4 /* PBXContainerItemProxy */;
		};
		18BCD4AB1BFD7031005D1AB4 /* PBXTargetDependency */ = {
			isa = PBXTargetDependency;
			target = 18BCD4811BFD7030005D1AB4 /* BaiSi */;
			targetProxy = 18BCD4AA1BFD7031005D1AB4 /* PBXContainerItemProxy */;
		};
/* End PBXTargetDependency section */

/* Begin PBXVariantGroup section */
		18BCD48E1BFD7030005D1AB4 /* Main.storyboard */ = {
			isa = PBXVariantGroup;
			children = (
				18BCD48F1BFD7030005D1AB4 /* Base */,
			);
			name = Main.storyboard;
			sourceTree = "<group>";
		};
		18BCD4961BFD7030005D1AB4 /* LaunchScreen.storyboard */ = {
			isa = PBXVariantGroup;
			children = (
				18BCD4971BFD7030005D1AB4 /* Base */,
			);
			name = LaunchScreen.storyboard;
			sourceTree = "<group>";
		};
/* End PBXVariantGroup section */

/* Begin XCBuildConfiguration section */
		18BCD4B01BFD7031005D1AB4 /* Debug */ = {
			isa = XCBuildConfiguration;
			buildSettings = {
				ALWAYS_SEARCH_USER_PATHS = NO;
				CLANG_CXX_LANGUAGE_STANDARD = "gnu++0x";
				CLANG_CXX_LIBRARY = "libc++";
				CLANG_ENABLE_MODULES = YES;
				CLANG_ENABLE_OBJC_ARC = YES;
				CLANG_WARN_BOOL_CONVERSION = YES;
				CLANG_WARN_CONSTANT_CONVERSION = YES;
				CLANG_WARN_DIRECT_OBJC_ISA_USAGE = YES_ERROR;
				CLANG_WARN_EMPTY_BODY = YES;
				CLANG_WARN_ENUM_CONVERSION = YES;
				CLANG_WARN_INT_CONVERSION = YES;
				CLANG_WARN_OBJC_ROOT_CLASS = YES_ERROR;
				CLANG_WARN_UNREACHABLE_CODE = YES;
				CLANG_WARN__DUPLICATE_METHOD_MATCH = YES;
				"CODE_SIGN_IDENTITY[sdk=iphoneos*]" = "iPhone Developer";
				COPY_PHASE_STRIP = NO;
				DEBUG_INFORMATION_FORMAT = dwarf;
				ENABLE_STRICT_OBJC_MSGSEND = YES;
				ENABLE_TESTABILITY = YES;
				GCC_C_LANGUAGE_STANDARD = gnu99;
				GCC_DYNAMIC_NO_PIC = NO;
				GCC_NO_COMMON_BLOCKS = YES;
				GCC_OPTIMIZATION_LEVEL = 0;
				GCC_PREPROCESSOR_DEFINITIONS = (
					"DEBUG=1",
					"$(inherited)",
				);
				GCC_WARN_64_TO_32_BIT_CONVERSION = YES;
				GCC_WARN_ABOUT_RETURN_TYPE = YES_ERROR;
				GCC_WARN_UNDECLARED_SELECTOR = YES;
				GCC_WARN_UNINITIALIZED_AUTOS = YES_AGGRESSIVE;
				GCC_WARN_UNUSED_FUNCTION = YES;
				GCC_WARN_UNUSED_VARIABLE = YES;
				IPHONEOS_DEPLOYMENT_TARGET = 9.1;
				MTL_ENABLE_DEBUG_INFO = YES;
				ONLY_ACTIVE_ARCH = YES;
				SDKROOT = iphoneos;
			};
			name = Debug;
		};
		18BCD4B11BFD7031005D1AB4 /* Release */ = {
			isa = XCBuildConfiguration;
			buildSettings = {
				ALWAYS_SEARCH_USER_PATHS = NO;
				CLANG_CXX_LANGUAGE_STANDARD = "gnu++0x";
				CLANG_CXX_LIBRARY = "libc++";
				CLANG_ENABLE_MODULES = YES;
				CLANG_ENABLE_OBJC_ARC = YES;
				CLANG_WARN_BOOL_CONVERSION = YES;
				CLANG_WARN_CONSTANT_CONVERSION = YES;
				CLANG_WARN_DIRECT_OBJC_ISA_USAGE = YES_ERROR;
				CLANG_WARN_EMPTY_BODY = YES;
				CLANG_WARN_ENUM_CONVERSION = YES;
				CLANG_WARN_INT_CONVERSION = YES;
				CLANG_WARN_OBJC_ROOT_CLASS = YES_ERROR;
				CLANG_WARN_UNREACHABLE_CODE = YES;
				CLANG_WARN__DUPLICATE_METHOD_MATCH = YES;
				"CODE_SIGN_IDENTITY[sdk=iphoneos*]" = "iPhone Developer";
				COPY_PHASE_STRIP = NO;
				DEBUG_INFORMATION_FORMAT = "dwarf-with-dsym";
				ENABLE_NS_ASSERTIONS = NO;
				ENABLE_STRICT_OBJC_MSGSEND = YES;
				GCC_C_LANGUAGE_STANDARD = gnu99;
				GCC_NO_COMMON_BLOCKS = YES;
				GCC_WARN_64_TO_32_BIT_CONVERSION = YES;
				GCC_WARN_ABOUT_RETURN_TYPE = YES_ERROR;
				GCC_WARN_UNDECLARED_SELECTOR = YES;
				GCC_WARN_UNINITIALIZED_AUTOS = YES_AGGRESSIVE;
				GCC_WARN_UNUSED_FUNCTION = YES;
				GCC_WARN_UNUSED_VARIABLE = YES;
				IPHONEOS_DEPLOYMENT_TARGET = 9.1;
				MTL_ENABLE_DEBUG_INFO = NO;
				SDKROOT = iphoneos;
				VALIDATE_PRODUCT = YES;
			};
			name = Release;
		};
		18BCD4B31BFD7031005D1AB4 /* Debug */ = {
			isa = XCBuildConfiguration;
			baseConfigurationReference = 4523C73A19CE4ABF4CFAF2F9 /* Pods.debug.xcconfig */;
			buildSettings = {
				ASSETCATALOG_COMPILER_APPICON_NAME = AppIcon;
				ASSETCATALOG_COMPILER_LAUNCHIMAGE_NAME = "Brand Assets";
				CLANG_ENABLE_MODULES = YES;
				CODE_SIGN_IDENTITY = "iPhone Developer";
				"CODE_SIGN_IDENTITY[sdk=iphoneos*]" = "iPhone Developer";
				GCC_PREFIX_HEADER = BaiSi/Classes/Other/PrefixHeader.pch;
				INFOPLIST_FILE = BaiSi/Info.plist;
				IPHONEOS_DEPLOYMENT_TARGET = 7.1;
				LD_RUNPATH_SEARCH_PATHS = "$(inherited) @executable_path/Frameworks";
				PRODUCT_BUNDLE_IDENTIFIER = com.baidu.BaiSi;
				PRODUCT_NAME = "$(TARGET_NAME)";
				PROVISIONING_PROFILE = "";
				SWIFT_OBJC_BRIDGING_HEADER = "BaiSi/Classes/Me_我/View/BaiSi-Bridging-Header.h";
				SWIFT_OPTIMIZATION_LEVEL = "-Onone";
			};
			name = Debug;
		};
		18BCD4B41BFD7031005D1AB4 /* Release */ = {
			isa = XCBuildConfiguration;
			baseConfigurationReference = 5E64456CEDFFF009C33D860D /* Pods.release.xcconfig */;
			buildSettings = {
				ASSETCATALOG_COMPILER_APPICON_NAME = AppIcon;
				ASSETCATALOG_COMPILER_LAUNCHIMAGE_NAME = "Brand Assets";
				CLANG_ENABLE_MODULES = YES;
				CODE_SIGN_IDENTITY = "iPhone Developer";
				"CODE_SIGN_IDENTITY[sdk=iphoneos*]" = "iPhone Developer";
				GCC_PREFIX_HEADER = BaiSi/Classes/Other/PrefixHeader.pch;
				INFOPLIST_FILE = BaiSi/Info.plist;
				IPHONEOS_DEPLOYMENT_TARGET = 7.1;
				LD_RUNPATH_SEARCH_PATHS = "$(inherited) @executable_path/Frameworks";
				PRODUCT_BUNDLE_IDENTIFIER = com.baidu.BaiSi;
				PRODUCT_NAME = "$(TARGET_NAME)";
				PROVISIONING_PROFILE = "";
				SWIFT_OBJC_BRIDGING_HEADER = "BaiSi/Classes/Me_我/View/BaiSi-Bridging-Header.h";
			};
			name = Release;
		};
		18BCD4B61BFD7031005D1AB4 /* Debug */ = {
			isa = XCBuildConfiguration;
			buildSettings = {
				BUNDLE_LOADER = "$(TEST_HOST)";
				INFOPLIST_FILE = BaiSiTests/Info.plist;
				LD_RUNPATH_SEARCH_PATHS = "$(inherited) @executable_path/Frameworks @loader_path/Frameworks";
				PRODUCT_BUNDLE_IDENTIFIER = com.DuoDi.BaiSiTests;
				PRODUCT_NAME = "$(TARGET_NAME)";
				TEST_HOST = "$(BUILT_PRODUCTS_DIR)/BaiSi.app/BaiSi";
			};
			name = Debug;
		};
		18BCD4B71BFD7031005D1AB4 /* Release */ = {
			isa = XCBuildConfiguration;
			buildSettings = {
				BUNDLE_LOADER = "$(TEST_HOST)";
				INFOPLIST_FILE = BaiSiTests/Info.plist;
				LD_RUNPATH_SEARCH_PATHS = "$(inherited) @executable_path/Frameworks @loader_path/Frameworks";
				PRODUCT_BUNDLE_IDENTIFIER = com.DuoDi.BaiSiTests;
				PRODUCT_NAME = "$(TARGET_NAME)";
				TEST_HOST = "$(BUILT_PRODUCTS_DIR)/BaiSi.app/BaiSi";
			};
			name = Release;
		};
		18BCD4B91BFD7031005D1AB4 /* Debug */ = {
			isa = XCBuildConfiguration;
			buildSettings = {
				INFOPLIST_FILE = BaiSiUITests/Info.plist;
				LD_RUNPATH_SEARCH_PATHS = "$(inherited) @executable_path/Frameworks @loader_path/Frameworks";
				PRODUCT_BUNDLE_IDENTIFIER = com.DuoDi.BaiSiUITests;
				PRODUCT_NAME = "$(TARGET_NAME)";
				TEST_TARGET_NAME = BaiSi;
				USES_XCTRUNNER = YES;
			};
			name = Debug;
		};
		18BCD4BA1BFD7031005D1AB4 /* Release */ = {
			isa = XCBuildConfiguration;
			buildSettings = {
				INFOPLIST_FILE = BaiSiUITests/Info.plist;
				LD_RUNPATH_SEARCH_PATHS = "$(inherited) @executable_path/Frameworks @loader_path/Frameworks";
				PRODUCT_BUNDLE_IDENTIFIER = com.DuoDi.BaiSiUITests;
				PRODUCT_NAME = "$(TARGET_NAME)";
				TEST_TARGET_NAME = BaiSi;
				USES_XCTRUNNER = YES;
			};
			name = Release;
		};
/* End XCBuildConfiguration section */

/* Begin XCConfigurationList section */
		18BCD47D1BFD7030005D1AB4 /* Build configuration list for PBXProject "BaiSi" */ = {
			isa = XCConfigurationList;
			buildConfigurations = (
				18BCD4B01BFD7031005D1AB4 /* Debug */,
				18BCD4B11BFD7031005D1AB4 /* Release */,
			);
			defaultConfigurationIsVisible = 0;
			defaultConfigurationName = Release;
		};
		18BCD4B21BFD7031005D1AB4 /* Build configuration list for PBXNativeTarget "BaiSi" */ = {
			isa = XCConfigurationList;
			buildConfigurations = (
				18BCD4B31BFD7031005D1AB4 /* Debug */,
				18BCD4B41BFD7031005D1AB4 /* Release */,
			);
			defaultConfigurationIsVisible = 0;
			defaultConfigurationName = Release;
		};
		18BCD4B51BFD7031005D1AB4 /* Build configuration list for PBXNativeTarget "BaiSiTests" */ = {
			isa = XCConfigurationList;
			buildConfigurations = (
				18BCD4B61BFD7031005D1AB4 /* Debug */,
				18BCD4B71BFD7031005D1AB4 /* Release */,
			);
			defaultConfigurationIsVisible = 0;
			defaultConfigurationName = Release;
		};
		18BCD4B81BFD7031005D1AB4 /* Build configuration list for PBXNativeTarget "BaiSiUITests" */ = {
			isa = XCConfigurationList;
			buildConfigurations = (
				18BCD4B91BFD7031005D1AB4 /* Debug */,
				18BCD4BA1BFD7031005D1AB4 /* Release */,
			);
			defaultConfigurationIsVisible = 0;
			defaultConfigurationName = Release;
		};
/* End XCConfigurationList section */

/* Begin XCVersionGroup section */
		18BCD4911BFD7030005D1AB4 /* BaiSi.xcdatamodeld */ = {
			isa = XCVersionGroup;
			children = (
				18BCD4921BFD7030005D1AB4 /* BaiSi.xcdatamodel */,
			);
			currentVersion = 18BCD4921BFD7030005D1AB4 /* BaiSi.xcdatamodel */;
			path = BaiSi.xcdatamodeld;
			sourceTree = "<group>";
			versionGroupType = wrapper.xcdatamodel;
		};
/* End XCVersionGroup section */
	};
	rootObject = 18BCD47A1BFD7030005D1AB4 /* Project object */;
}
